
Microsoft Visual Studio Solution File, Format Version 12.00
# Visual Studio Version 17
VisualStudioVersion = 17.11.35312.102
MinimumVisualStudioVersion = 10.0.40219.1
Project("{9A19103F-16F7-4668-BE54-9A1E7A4F7556}") = "Elevator", "Elevator\Elevator.csproj", "{479CF9DE-26E5-41B4-802E-789359C887B5}"
EndProject
Project("{FAE04EC0-301F-11D3-BF4B-00C04F79EFBC}") = "Elevator.Tests", "Elevator.Tests\Elevator.Tests.csproj", "{2F7CC926-604A-4ECC-9ABB-529CE41DF101}"
EndProject
Global
	GlobalSection(SolutionConfigurationPlatforms) = preSolution
		Debug|Any CPU = Debug|Any CPU
		Release|Any CPU = Release|Any CPU
	EndGlobalSection
	GlobalSection(ProjectConfigurationPlatforms) = postSolution
		{479CF9DE-26E5-41B4-802E-789359C887B5}.Debug|Any CPU.ActiveCfg = Debug|Any CPU
		{479CF9DE-26E5-41B4-802E-789359C887B5}.Debug|Any CPU.Build.0 = Debug|Any CPU
		{479CF9DE-26E5-41B4-802E-789359C887B5}.Release|Any CPU.ActiveCfg = Release|Any CPU
		{479CF9DE-26E5-41B4-802E-789359C887B5}.Release|Any CPU.Build.0 = Release|Any CPU
		{2F7CC926-604A-4ECC-9ABB-529CE41DF101}.Debug|Any CPU.ActiveCfg = Debug|Any CPU
		{2F7CC926-604A-4ECC-9ABB-529CE41DF101}.Debug|Any CPU.Build.0 = Debug|Any CPU
		{2F7CC926-604A-4ECC-9ABB-529CE41DF101}.Release|Any CPU.ActiveCfg = Release|Any CPU
		{2F7CC926-604A-4ECC-9ABB-529CE41DF101}.Release|Any CPU.Build.0 = Release|Any CPU
	EndGlobalSection
	GlobalSection(SolutionProperties) = preSolution
		HideSolutionNode = FALSE
	EndGlobalSection
	GlobalSection(ExtensibilityGlobals) = postSolution
		SolutionGuid = {AD6F3C35-A890-4FD9-B3F1-4D3C9880EE46}
	EndGlobalSection
EndGlobal
